// !$*UTF8*$!
{
	archiveVersion = 1;
	classes = {
	};
	objectVersion = 50;
	objects = {

/* Begin PBXBuildFile section */
		BDAEC2432408264700A25CCD /* AppDelegate.swift in Sources */ = {isa = PBXBuildFile; fileRef = BDAEC2422408264700A25CCD /* AppDelegate.swift */; };
		BDAEC2452408264700A25CCD /* SceneDelegate.swift in Sources */ = {isa = PBXBuildFile; fileRef = BDAEC2442408264700A25CCD /* SceneDelegate.swift */; };
		BDAEC2472408264700A25CCD /* ViewController.swift in Sources */ = {isa = PBXBuildFile; fileRef = BDAEC2462408264700A25CCD /* ViewController.swift */; };
		BDAEC24A2408264700A25CCD /* Main.storyboard in Resources */ = {isa = PBXBuildFile; fileRef = BDAEC2482408264700A25CCD /* Main.storyboard */; };
		BDAEC24C2408264900A25CCD /* Assets.xcassets in Resources */ = {isa = PBXBuildFile; fileRef = BDAEC24B2408264900A25CCD /* Assets.xcassets */; };
		BDAEC24F2408264900A25CCD /* LaunchScreen.storyboard in Resources */ = {isa = PBXBuildFile; fileRef = BDAEC24D2408264900A25CCD /* LaunchScreen.storyboard */; };
		BDAEC2572408265800A25CCD /* Phone.swift in Sources */ = {isa = PBXBuildFile; fileRef = BDAEC2562408265800A25CCD /* Phone.swift */; };
/* End PBXBuildFile section */

/* Begin PBXFileReference section */
		BDAEC23F2408264700A25CCD /* ClosureRetainCycle.app */ = {isa = PBXFileReference; explicitFileType = wrapper.application; includeInIndex = 0; path = ClosureRetainCycle.app; sourceTree = BUILT_PRODUCTS_DIR; };
		BDAEC2422408264700A25CCD /* AppDelegate.swift */ = {isa = PBXFileReference; lastKnownFileType = sourcecode.swift; path = AppDelegate.swift; sourceTree = "<group>"; };
		BDAEC2442408264700A25CCD /* SceneDelegate.swift */ = {isa = PBXFileReference; lastKnownFileType = sourcecode.swift; path = SceneDelegate.swift; sourceTree = "<group>"; };
		BDAEC2462408264700A25CCD /* ViewController.swift */ = {isa = PBXFileReference; lastKnownFileType = sourcecode.swift; path = ViewController.swift; sourceTree = "<group>"; };
		BDAEC2492408264700A25CCD /* Base */ = {isa = PBXFileReference; lastKnownFileType = file.storyboard; name = Base; path = Base.lproj/Main.storyboard; sourceTree = "<group>"; };
		BDAEC24B2408264900A25CCD /* Assets.xcassets */ = {isa = PBXFileReference; lastKnownFileType = folder.assetcatalog; path = Assets.xcassets; sourceTree = "<group>"; };
		BDAEC24E2408264900A25CCD /* Base */ = {isa = PBXFileReference; lastKnownFileType = file.storyboard; name = Base; path = Base.lproj/LaunchScreen.storyboard; sourceTree = "<group>"; };
		BDAEC2502408264900A25CCD /* Info.plist */ = {isa = PBXFileReference; lastKnownFileType = text.plist.xml; path = Info.plist; sourceTree = "<group>"; };
		BDAEC2562408265800A25CCD /* Phone.swift */ = {isa = PBXFileReference; lastKnownFileType = sourcecode.swift; path = Phone.swift; sourceTree = "<group>"; };
/* End PBXFileReference section */

/* Begin PBXFrameworksBuildPhase section */
		BDAEC23C2408264700A25CCD /* Frameworks */ = {
			isa = PBXFrameworksBuildPhase;
			buildActionMask = 2147483647;
			files = (
			);
			runOnlyForDeploymentPostprocessing = 0;
		};
/* End PBXFrameworksBuildPhase section */

/* Begin PBXGroup section */
		BDAEC2362408264700A25CCD = {
			isa = PBXGroup;
			children = (
				BDAEC2412408264700A25CCD /* ClosureRetainCycle */,
				BDAEC2402408264700A25CCD /* Products */,
			);
			sourceTree = "<group>";
		};
		BDAEC2402408264700A25CCD /* Products */ = {
			isa = PBXGroup;
			children = (
				BDAEC23F2408264700A25CCD /* ClosureRetainCycle.app */,
			);
			name = Products;
			sourceTree = "<group>";
		};
		BDAEC2412408264700A25CCD /* ClosureRetainCycle */ = {
			isa = PBXGroup;
			children = (
				BDAEC2422408264700A25CCD /* AppDelegate.swift */,
				BDAEC2442408264700A25CCD /* SceneDelegate.swift */,
				BDAEC2462408264700A25CCD /* ViewController.swift */,
				BDAEC2562408265800A25CCD /* Phone.swift */,
				BDAEC2482408264700A25CCD /* Main.storyboard */,
				BDAEC24B2408264900A25CCD /* Assets.xcassets */,
				BDAEC24D2408264900A25CCD /* LaunchScreen.storyboard */,
				BDAEC2502408264900A25CCD /* Info.plist */,
			);
			path = ClosureRetainCycle;
			sourceTree = "<group>";
		};
/* End PBXGroup section */

/* Begin PBXNativeTarget section */
		BDAEC23E2408264700A25CCD /* ClosureRetainCycle */ = {
			isa = PBXNativeTarget;
			buildConfigurationList = BDAEC2532408264900A25CCD /* Build configuration list for PBXNativeTarget "ClosureRetainCycle" */;
			buildPhases = (
				BDAEC23B2408264700A25CCD /* Sources */,
				BDAEC23C2408264700A25CCD /* Frameworks */,
				BDAEC23D2408264700A25CCD /* Resources */,
			);
			buildRules = (
			);
			dependencies = (
			);
			name = ClosureRetainCycle;
			productName = ClosureRetainCycle;
			productReference = BDAEC23F2408264700A25CCD /* ClosureRetainCycle.app */;
			productType = "com.apple.product-type.application";
		};
/* End PBXNativeTarget section */

/* Begin PBXProject section */
		BDAEC2372408264700A25CCD /* Project object */ = {
			isa = PBXProject;
			attributes = {
				LastSwiftUpdateCheck = 1130;
				LastUpgradeCheck = 1130;
				ORGANIZATIONNAME = "Lambda, Inc";
				TargetAttributes = {
					BDAEC23E2408264700A25CCD = {
						CreatedOnToolsVersion = 11.3.1;
					};
				};
			};
			buildConfigurationList = BDAEC23A2408264700A25CCD /* Build configuration list for PBXProject "ClosureRetainCycle" */;
			compatibilityVersion = "Xcode 9.3";
			developmentRegion = en;
			hasScannedForEncodings = 0;
			knownRegions = (
				en,
				Base,
			);
			mainGroup = BDAEC2362408264700A25CCD;
			productRefGroup = BDAEC2402408264700A25CCD /* Products */;
			projectDirPath = "";
			projectRoot = "";
			targets = (
				BDAEC23E2408264700A25CCD /* ClosureRetainCycle */,
			);
		};
/* End PBXProject section */

/* Begin PBXResourcesBuildPhase section */
		BDAEC23D2408264700A25CCD /* Resources */ = {
			isa = PBXResourcesBuildPhase;
			buildActionMask = 2147483647;
			files = (
				BDAEC24F2408264900A25CCD /* LaunchScreen.storyboard in Resources */,
				BDAEC24C2408264900A25CCD /* Assets.xcassets in Resources */,
				BDAEC24A2408264700A25CCD /* Main.storyboard in Resources */,
			);
			runOnlyForDeploymentPostprocessing = 0;
		};
/* End PBXResourcesBuildPhase section */

/* Begin PBXSourcesBuildPhase section */
		BDAEC23B2408264700A25CCD /* Sources */ = {
			isa = PBXSourcesBuildPhase;
			buildActionMask = 2147483647;
			files = (
				BDAEC2572408265800A25CCD /* Phone.swift in Sources */,
				BDAEC2472408264700A25CCD /* ViewController.swift in Sources */,
				BDAEC2432408264700A25CCD /* AppDelegate.swift in Sources */,
				BDAEC2452408264700A25CCD /* SceneDelegate.swift in Sources */,
			);
			runOnlyForDeploymentPostprocessing = 0;
		};
/* End PBXSourcesBuildPhase section */

/* Begin PBXVariantGroup section */
		BDAEC2482408264700A25CCD /* Main.storyboard */ = {
			isa = PBXVariantGroup;
			children = (
				BDAEC2492408264700A25CCD /* Base */,
			);
			name = Main.storyboard;
			sourceTree = "<group>";
		};
		BDAEC24D2408264900A25CCD /* LaunchScreen.storyboard */ = {
			isa = PBXVariantGroup;
			children = (
				BDAEC24E2408264900A25CCD /* Base */,
			);
			name = LaunchScreen.storyboard;
			sourceTree = "<group>";
		};
/* End PBXVariantGroup section */

/* Begin XCBuildConfiguration section */
		BDAEC2512408264900A25CCD /* Debug */ = {
			isa = XCBuildConfiguration;
			buildSettings = {
				ALWAYS_SEARCH_USER_PATHS = NO;
				CLANG_ANALYZER_NONNULL = YES;
				CLANG_ANALYZER_NUMBER_OBJECT_CONVERSION = YES_AGGRESSIVE;
				CLANG_CXX_LANGUAGE_STANDARD = "gnu++14";
				CLANG_CXX_LIBRARY = "libc++";
				CLANG_ENABLE_MODULES = YES;
				CLANG_ENABLE_OBJC_ARC = YES;
				CLANG_ENABLE_OBJC_WEAK = YES;
				CLANG_WARN_BLOCK_CAPTURE_AUTORELEASING = YES;
				CLANG_WARN_BOOL_CONVERSION = YES;
				CLANG_WARN_COMMA = YES;
				CLANG_WARN_CONSTANT_CONVERSION = YES;
				CLANG_WARN_DEPRECATED_OBJC_IMPLEMENTATIONS = YES;
				CLANG_WARN_DIRECT_OBJC_ISA_USAGE = YES_ERROR;
				CLANG_WARN_DOCUMENTATION_COMMENTS = YES;
				CLANG_WARN_EMPTY_BODY = YES;
				CLANG_WARN_ENUM_CONVERSION = YES;
				CLANG_WARN_INFINITE_RECURSION = YES;
				CLANG_WARN_INT_CONVERSION = YES;
				CLANG_WARN_NON_LITERAL_NULL_CONVERSION = YES;
				CLANG_WARN_OBJC_IMPLICIT_RETAIN_SELF = YES;
				CLANG_WARN_OBJC_LITERAL_CONVERSION = YES;
				CLANG_WARN_OBJC_ROOT_CLASS = YES_ERROR;
				CLANG_WARN_RANGE_LOOP_ANALYSIS = YES;
				CLANG_WARN_STRICT_PROTOTYPES = YES;
				CLANG_WARN_SUSPICIOUS_MOVE = YES;
				CLANG_WARN_UNGUARDED_AVAILABILITY = YES_AGGRESSIVE;
				CLANG_WARN_UNREACHABLE_CODE = YES;
				CLANG_WARN__DUPLICATE_METHOD_MATCH = YES;
				COPY_PHASE_STRIP = NO;
				DEBUG_INFORMATION_FORMAT = dwarf;
				ENABLE_STRICT_OBJC_MSGSEND = YES;
				ENABLE_TESTABILITY = YES;
				GCC_C_LANGUAGE_STANDARD = gnu11;
				GCC_DYNAMIC_NO_PIC = NO;
				GCC_NO_COMMON_BLOCKS = YES;
				GCC_OPTIMIZATION_LEVEL = 0;
				GCC_PREPROCESSOR_DEFINITIONS = (
					"DEBUG=1",
					"$(inherited)",
				);
				GCC_WARN_64_TO_32_BIT_CONVERSION = YES;
				GCC_WARN_ABOUT_RETURN_TYPE = YES_ERROR;
				GCC_WARN_UNDECLARED_SELECTOR = YES;
				GCC_WARN_UNINITIALIZED_AUTOS = YES_AGGRESSIVE;
				GCC_WARN_UNUSED_FUNCTION = YES;
				GCC_WARN_UNUSED_VARIABLE = YES;
				IPHONEOS_DEPLOYMENT_TARGET = 13.2;
				MTL_ENABLE_DEBUG_INFO = INCLUDE_SOURCE;
				MTL_FAST_MATH = YES;
				ONLY_ACTIVE_ARCH = YES;
				SDKROOT = iphoneos;
				SWIFT_ACTIVE_COMPILATION_CONDITIONS = DEBUG;
				SWIFT_OPTIMIZATION_LEVEL = "-Onone";
			};
			name = Debug;
		};
		BDAEC2522408264900A25CCD /* Release */ = {
			isa = XCBuildConfiguration;
			buildSettings = {
				ALWAYS_SEARCH_USER_PATHS = NO;
				CLANG_ANALYZER_NONNULL = YES;
				CLANG_ANALYZER_NUMBER_OBJECT_CONVERSION = YES_AGGRESSIVE;
				CLANG_CXX_LANGUAGE_STANDARD = "gnu++14";
				CLANG_CXX_LIBRARY = "libc++";
				CLANG_ENABLE_MODULES = YES;
				CLANG_ENABLE_OBJC_ARC = YES;
				CLANG_ENABLE_OBJC_WEAK = YES;
				CLANG_WARN_BLOCK_CAPTURE_AUTORELEASING = YES;
				CLANG_WARN_BOOL_CONVERSION = YES;
				CLANG_WARN_COMMA = YES;
				CLANG_WARN_CONSTANT_CONVERSION = YES;
				CLANG_WARN_DEPRECATED_OBJC_IMPLEMENTATIONS = YES;
				CLANG_WARN_DIRECT_OBJC_ISA_USAGE = YES_ERROR;
				CLANG_WARN_DOCUMENTATION_COMMENTS = YES;
				CLANG_WARN_EMPTY_BODY = YES;
				CLANG_WARN_ENUM_CONVERSION = YES;
				CLANG_WARN_INFINITE_RECURSION = YES;
				CLANG_WARN_INT_CONVERSION = YES;
				CLANG_WARN_NON_LITERAL_NULL_CONVERSION = YES;
				CLANG_WARN_OBJC_IMPLICIT_RETAIN_SELF = YES;
				CLANG_WARN_OBJC_LITERAL_CONVERSION = YES;
				CLANG_WARN_OBJC_ROOT_CLASS = YES_ERROR;
				CLANG_WARN_RANGE_LOOP_ANALYSIS = YES;
				CLANG_WARN_STRICT_PROTOTYPES = YES;
				CLANG_WARN_SUSPICIOUS_MOVE = YES;
				CLANG_WARN_UNGUARDED_AVAILABILITY = YES_AGGRESSIVE;
				CLANG_WARN_UNREACHABLE_CODE = YES;
				CLANG_WARN__DUPLICATE_METHOD_MATCH = YES;
				COPY_PHASE_STRIP = NO;
				DEBUG_INFORMATION_FORMAT = "dwarf-with-dsym";
				ENABLE_NS_ASSERTIONS = NO;
				ENABLE_STRICT_OBJC_MSGSEND = YES;
				GCC_C_LANGUAGE_STANDARD = gnu11;
				GCC_NO_COMMON_BLOCKS = YES;
				GCC_WARN_64_TO_32_BIT_CONVERSION = YES;
				GCC_WARN_ABOUT_RETURN_TYPE = YES_ERROR;
				GCC_WARN_UNDECLARED_SELECTOR = YES;
				GCC_WARN_UNINITIALIZED_AUTOS = YES_AGGRESSIVE;
				GCC_WARN_UNUSED_FUNCTION = YES;
				GCC_WARN_UNUSED_VARIABLE = YES;
				IPHONEOS_DEPLOYMENT_TARGET = 13.2;
				MTL_ENABLE_DEBUG_INFO = NO;
				MTL_FAST_MATH = YES;
				SDKROOT = iphoneos;
				SWIFT_COMPILATION_MODE = wholemodule;
				SWIFT_OPTIMIZATION_LEVEL = "-O";
				VALIDATE_PRODUCT = YES;
			};
			name = Release;
		};
		BDAEC2542408264900A25CCD /* Debug */ = {
			isa = XCBuildConfiguration;
			buildSettings = {
				ASSETCATALOG_COMPILER_APPICON_NAME = AppIcon;
				CODE_SIGN_STYLE = Automatic;
				DEVELOPMENT_TEAM = VXUQXR6S56;
				INFOPLIST_FILE = ClosureRetainCycle/Info.plist;
				LD_RUNPATH_SEARCH_PATHS = (
					"$(inherited)",
					"@executable_path/Frameworks",
				);
				PRODUCT_BUNDLE_IDENTIFIER = com.lambdaschool.ClosureRetainCycle;
				PRODUCT_NAME = "$(TARGET_NAME)";
				SWIFT_VERSION = 5.0;
				TARGETED_DEVICE_FAMILY = "1,2";
			};
			name = Debug;
		};
		BDAEC2552408264900A25CCD /* Release */ = {
			isa = XCBuildConfiguration;
			buildSettings = {
				ASSETCATALOG_COMPILER_APPICON_NAME = AppIcon;
				CODE_SIGN_STYLE = Automatic;
				DEVELOPMENT_TEAM = VXUQXR6S56;
				INFOPLIST_FILE = ClosureRetainCycle/Info.plist;
				LD_RUNPATH_SEARCH_PATHS = (
					"$(inherited)",
					"@executable_path/Frameworks",
				);
				PRODUCT_BUNDLE_IDENTIFIER = com.lambdaschool.ClosureRetainCycle;
				PRODUCT_NAME = "$(TARGET_NAME)";
				SWIFT_VERSION = 5.0;
				TARGETED_DEVICE_FAMILY = "1,2";
			};
			name = Release;
		};
/* End XCBuildConfiguration section */

/* Begin XCConfigurationList section */
		BDAEC23A2408264700A25CCD /* Build configuration list for PBXProject "ClosureRetainCycle" */ = {
			isa = XCConfigurationList;
			buildConfigurations = (
				BDAEC2512408264900A25CCD /* Debug */,
				BDAEC2522408264900A25CCD /* Release */,
			);
			defaultConfigurationIsVisible = 0;
			defaultConfigurationName = Release;
		};
		BDAEC2532408264900A25CCD /* Build configuration list for PBXNativeTarget "ClosureRetainCycle" */ = {
			isa = XCConfigurationList;
			buildConfigurations = (
				BDAEC2542408264900A25CCD /* Debug */,
				BDAEC2552408264900A25CCD /* Release */,
			);
			defaultConfigurationIsVisible = 0;
			defaultConfigurationName = Release;
		};
/* End XCConfigurationList section */
	};
	rootObject = BDAEC2372408264700A25CCD /* Project object */;
}
